Microsoft Visual Studio Solution File, Format Version 11.00
# Visual Studio 2008

Project("{22C3E8D4-FE03-12AE-DF84-C132AA559824}") = "New Demo Login", "Assembly-CSharp.csproj", "{0478035A-220A-26BB-59FE-3CD90F98DCFC}"
EndProject
Global
	GlobalSection(SolutionConfigurationPlatforms) = preSolution
		Debug|Any CPU = Debug|Any CPU
		Release|Any CPU = Release|Any CPU
	EndGlobalSection
	GlobalSection(ProjectConfigurationPlatforms) = postSolution
		{0478035A-220A-26BB-59FE-3CD90F98DCFC}.Debug|Any CPU.ActiveCfg = Debug|Any CPU
		{0478035A-220A-26BB-59FE-3CD90F98DCFC}.Debug|Any CPU.Build.0 = Debug|Any CPU
		{0478035A-220A-26BB-59FE-3CD90F98DCFC}.Release|Any CPU.ActiveCfg = Release|Any CPU
		{0478035A-220A-26BB-59FE-3CD90F98DCFC}.Release|Any CPU.Build.0 = Release|Any CPU
	EndGlobalSection
	GlobalSection(SolutionProperties) = preSolution
		HideSolutionNode = FALSE
	EndGlobalSection
	GlobalSection(MonoDevelopProperties) = preSolution
		StartupItem = Assembly-CSharp.csproj
	EndGlobalSection
EndGlobal
