Microsoft Visual Studio Solution File, Format Version 11.00
# Visual Studio 2008

Project("{09BD116F-86A4-AF1A-09E5-51A36A6C1842}") = "Homepage_Game", "Assembly-CSharp.csproj", "{7294E823-40BA-929F-1563-C871E82279D2}"
EndProject
Global
	GlobalSection(SolutionConfigurationPlatforms) = preSolution
		Debug|Any CPU = Debug|Any CPU
		Release|Any CPU = Release|Any CPU
	EndGlobalSection
	GlobalSection(ProjectConfigurationPlatforms) = postSolution
		{7294E823-40BA-929F-1563-C871E82279D2}.Debug|Any CPU.ActiveCfg = Debug|Any CPU
		{7294E823-40BA-929F-1563-C871E82279D2}.Debug|Any CPU.Build.0 = Debug|Any CPU
		{7294E823-40BA-929F-1563-C871E82279D2}.Release|Any CPU.ActiveCfg = Release|Any CPU
		{7294E823-40BA-929F-1563-C871E82279D2}.Release|Any CPU.Build.0 = Release|Any CPU
	EndGlobalSection
	GlobalSection(SolutionProperties) = preSolution
		HideSolutionNode = FALSE
	EndGlobalSection
	GlobalSection(MonoDevelopProperties) = preSolution
		StartupItem = Assembly-CSharp.csproj
	EndGlobalSection
EndGlobal
