Microsoft Visual Studio Solution File, Format Version 11.00
# Visual Studio 2008

Project("{515A7AC6-74C9-DB65-3E95-8A4FA34DB2CF}") = "Demo Login", "Assembly-CSharp.csproj", "{74077E1C-4102-B7B0-CDCD-96ED7F36E95B}"
EndProject
Global
	GlobalSection(SolutionConfigurationPlatforms) = preSolution
		Debug|Any CPU = Debug|Any CPU
		Release|Any CPU = Release|Any CPU
	EndGlobalSection
	GlobalSection(ProjectConfigurationPlatforms) = postSolution
		{74077E1C-4102-B7B0-CDCD-96ED7F36E95B}.Debug|Any CPU.ActiveCfg = Debug|Any CPU
		{74077E1C-4102-B7B0-CDCD-96ED7F36E95B}.Debug|Any CPU.Build.0 = Debug|Any CPU
		{74077E1C-4102-B7B0-CDCD-96ED7F36E95B}.Release|Any CPU.ActiveCfg = Release|Any CPU
		{74077E1C-4102-B7B0-CDCD-96ED7F36E95B}.Release|Any CPU.Build.0 = Release|Any CPU
	EndGlobalSection
	GlobalSection(SolutionProperties) = preSolution
		HideSolutionNode = FALSE
	EndGlobalSection
	GlobalSection(MonoDevelopProperties) = preSolution
		StartupItem = Assembly-CSharp.csproj
	EndGlobalSection
EndGlobal
